
Microsoft Visual Studio Solution File, Format Version 12.00
# Visual Studio Version 16
VisualStudioVersion = 16.0.32126.315
MinimumVisualStudioVersion = 10.0.40219.1
Project("{FAE04EC0-301F-11D3-BF4B-00C04F79EFBC}") = "UdemyRealWorldUnitTest.Web", "UdemyRealWorldUnitTest.Web\UdemyRealWorldUnitTest.Web.csproj", "{78A3BA20-E009-4D33-95D4-67CC77391E9C}"
EndProject
Project("{FAE04EC0-301F-11D3-BF4B-00C04F79EFBC}") = "UdemyRealWorldUnitTest.Test", "UdemyRealWorldUnitTest.Test\UdemyRealWorldUnitTest.Test.csproj", "{761C7EF0-F4AE-4765-BD11-17AD8BE63FC3}"
EndProject
Global
	GlobalSection(SolutionConfigurationPlatforms) = preSolution
		Debug|Any CPU = Debug|Any CPU
		Release|Any CPU = Release|Any CPU
	EndGlobalSection
	GlobalSection(ProjectConfigurationPlatforms) = postSolution
		{78A3BA20-E009-4D33-95D4-67CC77391E9C}.Debug|Any CPU.ActiveCfg = Debug|Any CPU
		{78A3BA20-E009-4D33-95D4-67CC77391E9C}.Debug|Any CPU.Build.0 = Debug|Any CPU
		{78A3BA20-E009-4D33-95D4-67CC77391E9C}.Release|Any CPU.ActiveCfg = Release|Any CPU
		{78A3BA20-E009-4D33-95D4-67CC77391E9C}.Release|Any CPU.Build.0 = Release|Any CPU
		{761C7EF0-F4AE-4765-BD11-17AD8BE63FC3}.Debug|Any CPU.ActiveCfg = Debug|Any CPU
		{761C7EF0-F4AE-4765-BD11-17AD8BE63FC3}.Debug|Any CPU.Build.0 = Debug|Any CPU
		{761C7EF0-F4AE-4765-BD11-17AD8BE63FC3}.Release|Any CPU.ActiveCfg = Release|Any CPU
		{761C7EF0-F4AE-4765-BD11-17AD8BE63FC3}.Release|Any CPU.Build.0 = Release|Any CPU
	EndGlobalSection
	GlobalSection(SolutionProperties) = preSolution
		HideSolutionNode = FALSE
	EndGlobalSection
	GlobalSection(ExtensibilityGlobals) = postSolution
		SolutionGuid = {973EED5C-0D70-474F-831C-EDDC44BDF140}
	EndGlobalSection
EndGlobal
